
Microsoft Visual Studio Solution File, Format Version 12.00
# Visual Studio Version 18
VisualStudioVersion = 18.1.11312.151 d18.0
MinimumVisualStudioVersion = 10.0.40219.1
Project("{FAE04EC0-301F-11D3-BF4B-00C04F79EFBC}") = "DijkstraVisualization", "DijkstraVisualization\DijkstraVisualization.csproj", "{0420B783-45BB-BC25-69EE-93BCE1C79014}"
EndProject
Project("{FAE04EC0-301F-11D3-BF4B-00C04F79EFBC}") = "DijkstraVisualization.Tests", "DijkstraVisualization.Tests\DijkstraVisualization.Tests.csproj", "{F01B21A7-7438-4F48-81F4-B7EDA3EEC3BF}"
EndProject
Project("{2150E333-8FDC-42A3-9474-1A3956D46DE8}") = "Solution Items", "Solution Items", "{DC603C16-C2D3-493B-9140-32B27C2FBC3A}"
	ProjectSection(SolutionItems) = preProject
		.csharpierrc.json = .csharpierrc.json
	EndProjectSection
EndProject
Global
	GlobalSection(SolutionConfigurationPlatforms) = preSolution
		Debug|Any CPU = Debug|Any CPU
		Release|Any CPU = Release|Any CPU
	EndGlobalSection
	GlobalSection(ProjectConfigurationPlatforms) = postSolution
		{0420B783-45BB-BC25-69EE-93BCE1C79014}.Debug|Any CPU.ActiveCfg = Debug|Any CPU
		{0420B783-45BB-BC25-69EE-93BCE1C79014}.Debug|Any CPU.Build.0 = Debug|Any CPU
		{0420B783-45BB-BC25-69EE-93BCE1C79014}.Release|Any CPU.ActiveCfg = Release|Any CPU
		{0420B783-45BB-BC25-69EE-93BCE1C79014}.Release|Any CPU.Build.0 = Release|Any CPU
		{F01B21A7-7438-4F48-81F4-B7EDA3EEC3BF}.Debug|Any CPU.ActiveCfg = Debug|Any CPU
		{F01B21A7-7438-4F48-81F4-B7EDA3EEC3BF}.Debug|Any CPU.Build.0 = Debug|Any CPU
		{F01B21A7-7438-4F48-81F4-B7EDA3EEC3BF}.Release|Any CPU.ActiveCfg = Release|Any CPU
		{F01B21A7-7438-4F48-81F4-B7EDA3EEC3BF}.Release|Any CPU.Build.0 = Release|Any CPU
	EndGlobalSection
	GlobalSection(SolutionProperties) = preSolution
		HideSolutionNode = FALSE
	EndGlobalSection
	GlobalSection(ExtensibilityGlobals) = postSolution
		SolutionGuid = {9587F538-9E8B-4E4F-AA8F-AA29A4CF8C7E}
	EndGlobalSection
EndGlobal
